
Microsoft Visual Studio Solution File, Format Version 12.00
# Visual Studio 15
VisualStudioVersion = 15.0.28307.757
MinimumVisualStudioVersion = 10.0.40219.1
Project("{FAE04EC0-301F-11D3-BF4B-00C04F79EFBC}") = "PCVLibraryTESTConsole", "ReadExcel\PCVLibraryTESTConsole.csproj", "{F24E5B6D-7EF1-4E1E-81DA-589A5A20A101}"
EndProject
Project("{FAE04EC0-301F-11D3-BF4B-00C04F79EFBC}") = "PCVDotNetLibrary", "PCVLibrary\PCVDotNetLibrary.csproj", "{F0989B53-0931-4333-A0D4-CB0A77E61045}"
EndProject
Project("{FAE04EC0-301F-11D3-BF4B-00C04F79EFBC}") = "PCVMVCAppBasicTemplate", "PCVMVCAppBasicTemplate\PCVMVCAppBasicTemplate.csproj", "{FB2B83BD-6BEB-423D-B658-4E827CF82D01}"
EndProject
Project("{FAE04EC0-301F-11D3-BF4B-00C04F79EFBC}") = "PCVJavaScripLibrary", "PCVJavaScripLibrary\PCVJavaScripLibrary.csproj", "{026885C8-305B-4271-BC57-60E9E1D45641}"
EndProject
Project("{FAE04EC0-301F-11D3-BF4B-00C04F79EFBC}") = "PCVMVCWebCore", "PCVMVCWebCore\PCVMVCWebCore.csproj", "{E6221F46-1B55-4ABD-B584-A3F4C398CD19}"
EndProject
Project("{FAE04EC0-301F-11D3-BF4B-00C04F79EFBC}") = "PCVWebformCore", "PCVWebformCore\PCVWebformCore.csproj", "{79553269-6A15-453E-84B3-601FF9F33206}"
EndProject
Global
	GlobalSection(SolutionConfigurationPlatforms) = preSolution
		Debug|Any CPU = Debug|Any CPU
		Release|Any CPU = Release|Any CPU
	EndGlobalSection
	GlobalSection(ProjectConfigurationPlatforms) = postSolution
		{F24E5B6D-7EF1-4E1E-81DA-589A5A20A101}.Debug|Any CPU.ActiveCfg = Debug|Any CPU
		{F24E5B6D-7EF1-4E1E-81DA-589A5A20A101}.Debug|Any CPU.Build.0 = Debug|Any CPU
		{F24E5B6D-7EF1-4E1E-81DA-589A5A20A101}.Release|Any CPU.ActiveCfg = Release|Any CPU
		{F24E5B6D-7EF1-4E1E-81DA-589A5A20A101}.Release|Any CPU.Build.0 = Release|Any CPU
		{F0989B53-0931-4333-A0D4-CB0A77E61045}.Debug|Any CPU.ActiveCfg = Debug|Any CPU
		{F0989B53-0931-4333-A0D4-CB0A77E61045}.Debug|Any CPU.Build.0 = Debug|Any CPU
		{F0989B53-0931-4333-A0D4-CB0A77E61045}.Release|Any CPU.ActiveCfg = Release|Any CPU
		{F0989B53-0931-4333-A0D4-CB0A77E61045}.Release|Any CPU.Build.0 = Release|Any CPU
		{FB2B83BD-6BEB-423D-B658-4E827CF82D01}.Debug|Any CPU.ActiveCfg = Debug|Any CPU
		{FB2B83BD-6BEB-423D-B658-4E827CF82D01}.Debug|Any CPU.Build.0 = Debug|Any CPU
		{FB2B83BD-6BEB-423D-B658-4E827CF82D01}.Release|Any CPU.ActiveCfg = Release|Any CPU
		{FB2B83BD-6BEB-423D-B658-4E827CF82D01}.Release|Any CPU.Build.0 = Release|Any CPU
		{026885C8-305B-4271-BC57-60E9E1D45641}.Debug|Any CPU.ActiveCfg = Debug|Any CPU
		{026885C8-305B-4271-BC57-60E9E1D45641}.Debug|Any CPU.Build.0 = Debug|Any CPU
		{026885C8-305B-4271-BC57-60E9E1D45641}.Release|Any CPU.ActiveCfg = Release|Any CPU
		{026885C8-305B-4271-BC57-60E9E1D45641}.Release|Any CPU.Build.0 = Release|Any CPU
		{E6221F46-1B55-4ABD-B584-A3F4C398CD19}.Debug|Any CPU.ActiveCfg = Debug|Any CPU
		{E6221F46-1B55-4ABD-B584-A3F4C398CD19}.Debug|Any CPU.Build.0 = Debug|Any CPU
		{E6221F46-1B55-4ABD-B584-A3F4C398CD19}.Release|Any CPU.ActiveCfg = Release|Any CPU
		{E6221F46-1B55-4ABD-B584-A3F4C398CD19}.Release|Any CPU.Build.0 = Release|Any CPU
		{79553269-6A15-453E-84B3-601FF9F33206}.Debug|Any CPU.ActiveCfg = Debug|Any CPU
		{79553269-6A15-453E-84B3-601FF9F33206}.Debug|Any CPU.Build.0 = Debug|Any CPU
		{79553269-6A15-453E-84B3-601FF9F33206}.Release|Any CPU.ActiveCfg = Release|Any CPU
		{79553269-6A15-453E-84B3-601FF9F33206}.Release|Any CPU.Build.0 = Release|Any CPU
	EndGlobalSection
	GlobalSection(SolutionProperties) = preSolution
		HideSolutionNode = FALSE
	EndGlobalSection
	GlobalSection(ExtensibilityGlobals) = postSolution
		SolutionGuid = {DAD5ABA5-CF76-4BD6-847F-4FD093D3D996}
	EndGlobalSection
EndGlobal
