{
  "name": "pcvtype-script-library",
  "version": "0.0.0",
  "lockfileVersion": 1,
  "requires": true,
  "dependencies": {
    "@types/node": {
      "version": "8.10.60",
      "resolved": "https://registry.npmjs.org/@types/node/-/node-8.10.60.tgz",
      "integrity": "sha512-YjPbypHFuiOV0bTgeF07HpEEqhmHaZqYNSdCKeBJa+yFoQ/7BC+FpJcwmi34xUIIRVFktnUyP1dPU8U0612GOg==",
      "dev": true
    }
  }
}
